
Microsoft Visual Studio Solution File, Format Version 12.00
# Visual Studio Version 16
VisualStudioVersion = 16.0.30114.105
MinimumVisualStudioVersion = 10.0.40219.1
Project("{FAE04EC0-301F-11D3-BF4B-00C04F79EFBC}") = "Functions101", "Functions101\Functions101.csproj", "{12D496E6-0919-4390-87A3-8CD7D646CEF5}"
EndProject
Global
	GlobalSection(SolutionConfigurationPlatforms) = preSolution
		Debug|Any CPU = Debug|Any CPU
		Release|Any CPU = Release|Any CPU
	EndGlobalSection
	GlobalSection(SolutionProperties) = preSolution
		HideSolutionNode = FALSE
	EndGlobalSection
	GlobalSection(ProjectConfigurationPlatforms) = postSolution
		{12D496E6-0919-4390-87A3-8CD7D646CEF5}.Debug|Any CPU.ActiveCfg = Debug|Any CPU
		{12D496E6-0919-4390-87A3-8CD7D646CEF5}.Debug|Any CPU.Build.0 = Debug|Any CPU
		{12D496E6-0919-4390-87A3-8CD7D646CEF5}.Release|Any CPU.ActiveCfg = Release|Any CPU
		{12D496E6-0919-4390-87A3-8CD7D646CEF5}.Release|Any CPU.Build.0 = Release|Any CPU
	EndGlobalSection
EndGlobal
